// !$*UTF8*$!
{
	archiveVersion = 1;
	classes = {
	};
	objectVersion = 46;
	objects = {

/* Begin PBXBuildFile section */
		D8F5420B1BBCFF0700EFA545 /* main.m in Sources */ = {isa = PBXBuildFile; fileRef = D8F5420A1BBCFF0700EFA545 /* main.m */; };
		D8F5420E1BBCFF0700EFA545 /* AppDelegate.m in Sources */ = {isa = PBXBuildFile; fileRef = D8F5420D1BBCFF0700EFA545 /* AppDelegate.m */; };
		D8F542111BBCFF0700EFA545 /* ViewController.m in Sources */ = {isa = PBXBuildFile; fileRef = D8F542101BBCFF0700EFA545 /* ViewController.m */; };
		D8F542141BBCFF0700EFA545 /* Main.storyboard in Resources */ = {isa = PBXBuildFile; fileRef = D8F542121BBCFF0700EFA545 /* Main.storyboard */; };
		D8F542161BBCFF0700EFA545 /* Assets.xcassets in Resources */ = {isa = PBXBuildFile; fileRef = D8F542151BBCFF0700EFA545 /* Assets.xcassets */; };
		D8F542191BBCFF0700EFA545 /* LaunchScreen.storyboard in Resources */ = {isa = PBXBuildFile; fileRef = D8F542171BBCFF0700EFA545 /* LaunchScreen.storyboard */; };
		D8F542241BBCFF0700EFA545 /* MovingTableTests.m in Sources */ = {isa = PBXBuildFile; fileRef = D8F542231BBCFF0700EFA545 /* MovingTableTests.m */; };
		D8F5422F1BBCFF0700EFA545 /* MovingTableUITests.m in Sources */ = {isa = PBXBuildFile; fileRef = D8F5422E1BBCFF0700EFA545 /* MovingTableUITests.m */; };
/* End PBXBuildFile section */

/* Begin PBXContainerItemProxy section */
		D8F542201BBCFF0700EFA545 /* PBXContainerItemProxy */ = {
			isa = PBXContainerItemProxy;
			containerPortal = D8F541FE1BBCFF0700EFA545 /* Project object */;
			proxyType = 1;
			remoteGlobalIDString = D8F542051BBCFF0700EFA545;
			remoteInfo = MovingTable;
		};
		D8F5422B1BBCFF0700EFA545 /* PBXContainerItemProxy */ = {
			isa = PBXContainerItemProxy;
			containerPortal = D8F541FE1BBCFF0700EFA545 /* Project object */;
			proxyType = 1;
			remoteGlobalIDString = D8F542051BBCFF0700EFA545;
			remoteInfo = MovingTable;
		};
/* End PBXContainerItemProxy section */

/* Begin PBXFileReference section */
		D8F542061BBCFF0700EFA545 /* MovingTable.app */ = {isa = PBXFileReference; explicitFileType = wrapper.application; includeInIndex = 0; path = MovingTable.app; sourceTree = BUILT_PRODUCTS_DIR; };
		D8F5420A1BBCFF0700EFA545 /* main.m */ = {isa = PBXFileReference; lastKnownFileType = sourcecode.c.objc; path = main.m; sourceTree = "<group>"; };
		D8F5420C1BBCFF0700EFA545 /* AppDelegate.h */ = {isa = PBXFileReference; lastKnownFileType = sourcecode.c.h; path = AppDelegate.h; sourceTree = "<group>"; };
		D8F5420D1BBCFF0700EFA545 /* AppDelegate.m */ = {isa = PBXFileReference; lastKnownFileType = sourcecode.c.objc; path = AppDelegate.m; sourceTree = "<group>"; };
		D8F5420F1BBCFF0700EFA545 /* ViewController.h */ = {isa = PBXFileReference; lastKnownFileType = sourcecode.c.h; path = ViewController.h; sourceTree = "<group>"; };
		D8F542101BBCFF0700EFA545 /* ViewController.m */ = {isa = PBXFileReference; lastKnownFileType = sourcecode.c.objc; path = ViewController.m; sourceTree = "<group>"; };
		D8F542131BBCFF0700EFA545 /* Base */ = {isa = PBXFileReference; lastKnownFileType = file.storyboard; name = Base; path = Base.lproj/Main.storyboard; sourceTree = "<group>"; };
		D8F542151BBCFF0700EFA545 /* Assets.xcassets */ = {isa = PBXFileReference; lastKnownFileType = folder.assetcatalog; path = Assets.xcassets; sourceTree = "<group>"; };
		D8F542181BBCFF0700EFA545 /* Base */ = {isa = PBXFileReference; lastKnownFileType = file.storyboard; name = Base; path = Base.lproj/LaunchScreen.storyboard; sourceTree = "<group>"; };
		D8F5421A1BBCFF0700EFA545 /* Info.plist */ = {isa = PBXFileReference; lastKnownFileType = text.plist.xml; path = Info.plist; sourceTree = "<group>"; };
		D8F5421F1BBCFF0700EFA545 /* MovingTableTests.xctest */ = {isa = PBXFileReference; explicitFileType = wrapper.cfbundle; includeInIndex = 0; path = MovingTableTests.xctest; sourceTree = BUILT_PRODUCTS_DIR; };
		D8F542231BBCFF0700EFA545 /* MovingTableTests.m */ = {isa = PBXFileReference; lastKnownFileType = sourcecode.c.objc; path = MovingTableTests.m; sourceTree = "<group>"; };
		D8F542251BBCFF0700EFA545 /* Info.plist */ = {isa = PBXFileReference; lastKnownFileType = text.plist.xml; path = Info.plist; sourceTree = "<group>"; };
		D8F5422A1BBCFF0700EFA545 /* MovingTableUITests.xctest */ = {isa = PBXFileReference; explicitFileType = wrapper.cfbundle; includeInIndex = 0; path = MovingTableUITests.xctest; sourceTree = BUILT_PRODUCTS_DIR; };
		D8F5422E1BBCFF0700EFA545 /* MovingTableUITests.m */ = {isa = PBXFileReference; lastKnownFileType = sourcecode.c.objc; path = MovingTableUITests.m; sourceTree = "<group>"; };
		D8F542301BBCFF0700EFA545 /* Info.plist */ = {isa = PBXFileReference; lastKnownFileType = text.plist.xml; path = Info.plist; sourceTree = "<group>"; };
/* End PBXFileReference section */

/* Begin PBXFrameworksBuildPhase section */
		D8F542031BBCFF0700EFA545 /* Frameworks */ = {
			isa = PBXFrameworksBuildPhase;
			buildActionMask = 2147483647;
			files = (
			);
			runOnlyForDeploymentPostprocessing = 0;
		};
		D8F5421C1BBCFF0700EFA545 /* Frameworks */ = {
			isa = PBXFrameworksBuildPhase;
			buildActionMask = 2147483647;
			files = (
			);
			runOnlyForDeploymentPostprocessing = 0;
		};
		D8F542271BBCFF0700EFA545 /* Frameworks */ = {
			isa = PBXFrameworksBuildPhase;
			buildActionMask = 2147483647;
			files = (
			);
			runOnlyForDeploymentPostprocessing = 0;
		};
/* End PBXFrameworksBuildPhase section */

/* Begin PBXGroup section */
		D8F541FD1BBCFF0700EFA545 = {
			isa = PBXGroup;
			children = (
				D8F542081BBCFF0700EFA545 /* MovingTable */,
				D8F542221BBCFF0700EFA545 /* MovingTableTests */,
				D8F5422D1BBCFF0700EFA545 /* MovingTableUITests */,
				D8F542071BBCFF0700EFA545 /* Products */,
			);
			sourceTree = "<group>";
		};
		D8F542071BBCFF0700EFA545 /* Products */ = {
			isa = PBXGroup;
			children = (
				D8F542061BBCFF0700EFA545 /* MovingTable.app */,
				D8F5421F1BBCFF0700EFA545 /* MovingTableTests.xctest */,
				D8F5422A1BBCFF0700EFA545 /* MovingTableUITests.xctest */,
			);
			name = Products;
			sourceTree = "<group>";
		};
		D8F542081BBCFF0700EFA545 /* MovingTable */ = {
			isa = PBXGroup;
			children = (
				D8F5420C1BBCFF0700EFA545 /* AppDelegate.h */,
				D8F5420D1BBCFF0700EFA545 /* AppDelegate.m */,
				D8F5420F1BBCFF0700EFA545 /* ViewController.h */,
				D8F542101BBCFF0700EFA545 /* ViewController.m */,
				D8F542121BBCFF0700EFA545 /* Main.storyboard */,
				D8F542151BBCFF0700EFA545 /* Assets.xcassets */,
				D8F542171BBCFF0700EFA545 /* LaunchScreen.storyboard */,
				D8F5421A1BBCFF0700EFA545 /* Info.plist */,
				D8F542091BBCFF0700EFA545 /* Supporting Files */,
			);
			path = MovingTable;
			sourceTree = "<group>";
		};
		D8F542091BBCFF0700EFA545 /* Supporting Files */ = {
			isa = PBXGroup;
			children = (
				D8F5420A1BBCFF0700EFA545 /* main.m */,
			);
			name = "Supporting Files";
			sourceTree = "<group>";
		};
		D8F542221BBCFF0700EFA545 /* MovingTableTests */ = {
			isa = PBXGroup;
			children = (
				D8F542231BBCFF0700EFA545 /* MovingTableTests.m */,
				D8F542251BBCFF0700EFA545 /* Info.plist */,
			);
			path = MovingTableTests;
			sourceTree = "<group>";
		};
		D8F5422D1BBCFF0700EFA545 /* MovingTableUITests */ = {
			isa = PBXGroup;
			children = (
				D8F5422E1BBCFF0700EFA545 /* MovingTableUITests.m */,
				D8F542301BBCFF0700EFA545 /* Info.plist */,
			);
			path = MovingTableUITests;
			sourceTree = "<group>";
		};
/* End PBXGroup section */

/* Begin PBXNativeTarget section */
		D8F542051BBCFF0700EFA545 /* MovingTable */ = {
			isa = PBXNativeTarget;
			buildConfigurationList = D8F542331BBCFF0700EFA545 /* Build configuration list for PBXNativeTarget "MovingTable" */;
			buildPhases = (
				D8F542021BBCFF0700EFA545 /* Sources */,
				D8F542031BBCFF0700EFA545 /* Frameworks */,
				D8F542041BBCFF0700EFA545 /* Resources */,
			);
			buildRules = (
			);
			dependencies = (
			);
			name = MovingTable;
			productName = MovingTable;
			productReference = D8F542061BBCFF0700EFA545 /* MovingTable.app */;
			productType = "com.apple.product-type.application";
		};
		D8F5421E1BBCFF0700EFA545 /* MovingTableTests */ = {
			isa = PBXNativeTarget;
			buildConfigurationList = D8F542361BBCFF0700EFA545 /* Build configuration list for PBXNativeTarget "MovingTableTests" */;
			buildPhases = (
				D8F5421B1BBCFF0700EFA545 /* Sources */,
				D8F5421C1BBCFF0700EFA545 /* Frameworks */,
				D8F5421D1BBCFF0700EFA545 /* Resources */,
			);
			buildRules = (
			);
			dependencies = (
				D8F542211BBCFF0700EFA545 /* PBXTargetDependency */,
			);
			name = MovingTableTests;
			productName = MovingTableTests;
			productReference = D8F5421F1BBCFF0700EFA545 /* MovingTableTests.xctest */;
			productType = "com.apple.product-type.bundle.unit-test";
		};
		D8F542291BBCFF0700EFA545 /* MovingTableUITests */ = {
			isa = PBXNativeTarget;
			buildConfigurationList = D8F542391BBCFF0700EFA545 /* Build configuration list for PBXNativeTarget "MovingTableUITests" */;
			buildPhases = (
				D8F542261BBCFF0700EFA545 /* Sources */,
				D8F542271BBCFF0700EFA545 /* Frameworks */,
				D8F542281BBCFF0700EFA545 /* Resources */,
			);
			buildRules = (
			);
			dependencies = (
				D8F5422C1BBCFF0700EFA545 /* PBXTargetDependency */,
			);
			name = MovingTableUITests;
			productName = MovingTableUITests;
			productReference = D8F5422A1BBCFF0700EFA545 /* MovingTableUITests.xctest */;
			productType = "com.apple.product-type.bundle.ui-testing";
		};
/* End PBXNativeTarget section */

/* Begin PBXProject section */
		D8F541FE1BBCFF0700EFA545 /* Project object */ = {
			isa = PBXProject;
			attributes = {
				LastUpgradeCheck = 0700;
				ORGANIZATIONNAME = "cpromise1@naver.com";
				TargetAttributes = {
					D8F542051BBCFF0700EFA545 = {
						CreatedOnToolsVersion = 7.0;
					};
					D8F5421E1BBCFF0700EFA545 = {
						CreatedOnToolsVersion = 7.0;
						TestTargetID = D8F542051BBCFF0700EFA545;
					};
					D8F542291BBCFF0700EFA545 = {
						CreatedOnToolsVersion = 7.0;
						TestTargetID = D8F542051BBCFF0700EFA545;
					};
				};
			};
			buildConfigurationList = D8F542011BBCFF0700EFA545 /* Build configuration list for PBXProject "MovingTable" */;
			compatibilityVersion = "Xcode 3.2";
			developmentRegion = English;
			hasScannedForEncodings = 0;
			knownRegions = (
				en,
				Base,
			);
			mainGroup = D8F541FD1BBCFF0700EFA545;
			productRefGroup = D8F542071BBCFF0700EFA545 /* Products */;
			projectDirPath = "";
			projectRoot = "";
			targets = (
				D8F542051BBCFF0700EFA545 /* MovingTable */,
				D8F5421E1BBCFF0700EFA545 /* MovingTableTests */,
				D8F542291BBCFF0700EFA545 /* MovingTableUITests */,
			);
		};
/* End PBXProject section */

/* Begin PBXResourcesBuildPhase section */
		D8F542041BBCFF0700EFA545 /* Resources */ = {
			isa = PBXResourcesBuildPhase;
			buildActionMask = 2147483647;
			files = (
				D8F542191BBCFF0700EFA545 /* LaunchScreen.storyboard in Resources */,
				D8F542161BBCFF0700EFA545 /* Assets.xcassets in Resources */,
				D8F542141BBCFF0700EFA545 /* Main.storyboard in Resources */,
			);
			runOnlyForDeploymentPostprocessing = 0;
		};
		D8F5421D1BBCFF0700EFA545 /* Resources */ = {
			isa = PBXResourcesBuildPhase;
			buildActionMask = 2147483647;
			files = (
			);
			runOnlyForDeploymentPostprocessing = 0;
		};
		D8F542281BBCFF0700EFA545 /* Resources */ = {
			isa = PBXResourcesBuildPhase;
			buildActionMask = 2147483647;
			files = (
			);
			runOnlyForDeploymentPostprocessing = 0;
		};
/* End PBXResourcesBuildPhase section */

/* Begin PBXSourcesBuildPhase section */
		D8F542021BBCFF0700EFA545 /* Sources */ = {
			isa = PBXSourcesBuildPhase;
			buildActionMask = 2147483647;
			files = (
				D8F542111BBCFF0700EFA545 /* ViewController.m in Sources */,
				D8F5420E1BBCFF0700EFA545 /* AppDelegate.m in Sources */,
				D8F5420B1BBCFF0700EFA545 /* main.m in Sources */,
			);
			runOnlyForDeploymentPostprocessing = 0;
		};
		D8F5421B1BBCFF0700EFA545 /* Sources */ = {
			isa = PBXSourcesBuildPhase;
			buildActionMask = 2147483647;
			files = (
				D8F542241BBCFF0700EFA545 /* MovingTableTests.m in Sources */,
			);
			runOnlyForDeploymentPostprocessing = 0;
		};
		D8F542261BBCFF0700EFA545 /* Sources */ = {
			isa = PBXSourcesBuildPhase;
			buildActionMask = 2147483647;
			files = (
				D8F5422F1BBCFF0700EFA545 /* MovingTableUITests.m in Sources */,
			);
			runOnlyForDeploymentPostprocessing = 0;
		};
/* End PBXSourcesBuildPhase section */

/* Begin PBXTargetDependency section */
		D8F542211BBCFF0700EFA545 /* PBXTargetDependency */ = {
			isa = PBXTargetDependency;
			target = D8F542051BBCFF0700EFA545 /* MovingTable */;
			targetProxy = D8F542201BBCFF0700EFA545 /* PBXContainerItemProxy */;
		};
		D8F5422C1BBCFF0700EFA545 /* PBXTargetDependency */ = {
			isa = PBXTargetDependency;
			target = D8F542051BBCFF0700EFA545 /* MovingTable */;
			targetProxy = D8F5422B1BBCFF0700EFA545 /* PBXContainerItemProxy */;
		};
/* End PBXTargetDependency section */

/* Begin PBXVariantGroup section */
		D8F542121BBCFF0700EFA545 /* Main.storyboard */ = {
			isa = PBXVariantGroup;
			children = (
				D8F542131BBCFF0700EFA545 /* Base */,
			);
			name = Main.storyboard;
			sourceTree = "<group>";
		};
		D8F542171BBCFF0700EFA545 /* LaunchScreen.storyboard */ = {
			isa = PBXVariantGroup;
			children = (
				D8F542181BBCFF0700EFA545 /* Base */,
			);
			name = LaunchScreen.storyboard;
			sourceTree = "<group>";
		};
/* End PBXVariantGroup section */

/* Begin XCBuildConfiguration section */
		D8F542311BBCFF0700EFA545 /* Debug */ = {
			isa = XCBuildConfiguration;
			buildSettings = {
				ALWAYS_SEARCH_USER_PATHS = NO;
				CLANG_CXX_LANGUAGE_STANDARD = "gnu++0x";
				CLANG_CXX_LIBRARY = "libc++";
				CLANG_ENABLE_MODULES = YES;
				CLANG_ENABLE_OBJC_ARC = YES;
				CLANG_WARN_BOOL_CONVERSION = YES;
				CLANG_WARN_CONSTANT_CONVERSION = YES;
				CLANG_WARN_DIRECT_OBJC_ISA_USAGE = YES_ERROR;
				CLANG_WARN_EMPTY_BODY = YES;
				CLANG_WARN_ENUM_CONVERSION = YES;
				CLANG_WARN_INT_CONVERSION = YES;
				CLANG_WARN_OBJC_ROOT_CLASS = YES_ERROR;
				CLANG_WARN_UNREACHABLE_CODE = YES;
				CLANG_WARN__DUPLICATE_METHOD_MATCH = YES;
				"CODE_SIGN_IDENTITY[sdk=iphoneos*]" = "iPhone Developer";
				COPY_PHASE_STRIP = NO;
				DEBUG_INFORMATION_FORMAT = dwarf;
				ENABLE_STRICT_OBJC_MSGSEND = YES;
				ENABLE_TESTABILITY = YES;
				GCC_C_LANGUAGE_STANDARD = gnu99;
				GCC_DYNAMIC_NO_PIC = NO;
				GCC_NO_COMMON_BLOCKS = YES;
				GCC_OPTIMIZATION_LEVEL = 0;
				GCC_PREPROCESSOR_DEFINITIONS = (
					"DEBUG=1",
					"$(inherited)",
				);
				GCC_WARN_64_TO_32_BIT_CONVERSION = YES;
				GCC_WARN_ABOUT_RETURN_TYPE = YES_ERROR;
				GCC_WARN_UNDECLARED_SELECTOR = YES;
				GCC_WARN_UNINITIALIZED_AUTOS = YES_AGGRESSIVE;
				GCC_WARN_UNUSED_FUNCTION = YES;
				GCC_WARN_UNUSED_VARIABLE = YES;
				IPHONEOS_DEPLOYMENT_TARGET = 9.0;
				MTL_ENABLE_DEBUG_INFO = YES;
				ONLY_ACTIVE_ARCH = YES;
				SDKROOT = iphoneos;
			};
			name = Debug;
		};
		D8F542321BBCFF0700EFA545 /* Release */ = {
			isa = XCBuildConfiguration;
			buildSettings = {
				ALWAYS_SEARCH_USER_PATHS = NO;
				CLANG_CXX_LANGUAGE_STANDARD = "gnu++0x";
				CLANG_CXX_LIBRARY = "libc++";
				CLANG_ENABLE_MODULES = YES;
				CLANG_ENABLE_OBJC_ARC = YES;
				CLANG_WARN_BOOL_CONVERSION = YES;
				CLANG_WARN_CONSTANT_CONVERSION = YES;
				CLANG_WARN_DIRECT_OBJC_ISA_USAGE = YES_ERROR;
				CLANG_WARN_EMPTY_BODY = YES;
				CLANG_WARN_ENUM_CONVERSION = YES;
				CLANG_WARN_INT_CONVERSION = YES;
				CLANG_WARN_OBJC_ROOT_CLASS = YES_ERROR;
				CLANG_WARN_UNREACHABLE_CODE = YES;
				CLANG_WARN__DUPLICATE_METHOD_MATCH = YES;
				"CODE_SIGN_IDENTITY[sdk=iphoneos*]" = "iPhone Developer";
				COPY_PHASE_STRIP = NO;
				DEBUG_INFORMATION_FORMAT = "dwarf-with-dsym";
				ENABLE_NS_ASSERTIONS = NO;
				ENABLE_STRICT_OBJC_MSGSEND = YES;
				GCC_C_LANGUAGE_STANDARD = gnu99;
				GCC_NO_COMMON_BLOCKS = YES;
				GCC_WARN_64_TO_32_BIT_CONVERSION = YES;
				GCC_WARN_ABOUT_RETURN_TYPE = YES_ERROR;
				GCC_WARN_UNDECLARED_SELECTOR = YES;
				GCC_WARN_UNINITIALIZED_AUTOS = YES_AGGRESSIVE;
				GCC_WARN_UNUSED_FUNCTION = YES;
				GCC_WARN_UNUSED_VARIABLE = YES;
				IPHONEOS_DEPLOYMENT_TARGET = 9.0;
				MTL_ENABLE_DEBUG_INFO = NO;
				SDKROOT = iphoneos;
				VALIDATE_PRODUCT = YES;
			};
			name = Release;
		};
		D8F542341BBCFF0700EFA545 /* Debug */ = {
			isa = XCBuildConfiguration;
			buildSettings = {
				ASSETCATALOG_COMPILER_APPICON_NAME = AppIcon;
				INFOPLIST_FILE = MovingTable/Info.plist;
				LD_RUNPATH_SEARCH_PATHS = "$(inherited) @executable_path/Frameworks";
				PRODUCT_BUNDLE_IDENTIFIER = com.cpromise.MovingTable;
				PRODUCT_NAME = "$(TARGET_NAME)";
			};
			name = Debug;
		};
		D8F542351BBCFF0700EFA545 /* Release */ = {
			isa = XCBuildConfiguration;
			buildSettings = {
				ASSETCATALOG_COMPILER_APPICON_NAME = AppIcon;
				INFOPLIST_FILE = MovingTable/Info.plist;
				LD_RUNPATH_SEARCH_PATHS = "$(inherited) @executable_path/Frameworks";
				PRODUCT_BUNDLE_IDENTIFIER = com.cpromise.MovingTable;
				PRODUCT_NAME = "$(TARGET_NAME)";
			};
			name = Release;
		};
		D8F542371BBCFF0700EFA545 /* Debug */ = {
			isa = XCBuildConfiguration;
			buildSettings = {
				BUNDLE_LOADER = "$(TEST_HOST)";
				INFOPLIST_FILE = MovingTableTests/Info.plist;
				LD_RUNPATH_SEARCH_PATHS = "$(inherited) @executable_path/Frameworks @loader_path/Frameworks";
				PRODUCT_BUNDLE_IDENTIFIER = com.cpromise.MovingTableTests;
				PRODUCT_NAME = "$(TARGET_NAME)";
				TEST_HOST = "$(BUILT_PRODUCTS_DIR)/MovingTable.app/MovingTable";
			};
			name = Debug;
		};
		D8F542381BBCFF0700EFA545 /* Release */ = {
			isa = XCBuildConfiguration;
			buildSettings = {
				BUNDLE_LOADER = "$(TEST_HOST)";
				INFOPLIST_FILE = MovingTableTests/Info.plist;
				LD_RUNPATH_SEARCH_PATHS = "$(inherited) @executable_path/Frameworks @loader_path/Frameworks";
				PRODUCT_BUNDLE_IDENTIFIER = com.cpromise.MovingTableTests;
				PRODUCT_NAME = "$(TARGET_NAME)";
				TEST_HOST = "$(BUILT_PRODUCTS_DIR)/MovingTable.app/MovingTable";
			};
			name = Release;
		};
		D8F5423A1BBCFF0700EFA545 /* Debug */ = {
			isa = XCBuildConfiguration;
			buildSettings = {
				INFOPLIST_FILE = MovingTableUITests/Info.plist;
				LD_RUNPATH_SEARCH_PATHS = "$(inherited) @executable_path/Frameworks @loader_path/Frameworks";
				PRODUCT_BUNDLE_IDENTIFIER = com.cpromise.MovingTableUITests;
				PRODUCT_NAME = "$(TARGET_NAME)";
				TEST_TARGET_NAME = MovingTable;
				USES_XCTRUNNER = YES;
			};
			name = Debug;
		};
		D8F5423B1BBCFF0700EFA545 /* Release */ = {
			isa = XCBuildConfiguration;
			buildSettings = {
				INFOPLIST_FILE = MovingTableUITests/Info.plist;
				LD_RUNPATH_SEARCH_PATHS = "$(inherited) @executable_path/Frameworks @loader_path/Frameworks";
				PRODUCT_BUNDLE_IDENTIFIER = com.cpromise.MovingTableUITests;
				PRODUCT_NAME = "$(TARGET_NAME)";
				TEST_TARGET_NAME = MovingTable;
				USES_XCTRUNNER = YES;
			};
			name = Release;
		};
/* End XCBuildConfiguration section */

/* Begin XCConfigurationList section */
		D8F542011BBCFF0700EFA545 /* Build configuration list for PBXProject "MovingTable" */ = {
			isa = XCConfigurationList;
			buildConfigurations = (
				D8F542311BBCFF0700EFA545 /* Debug */,
				D8F542321BBCFF0700EFA545 /* Release */,
			);
			defaultConfigurationIsVisible = 0;
			defaultConfigurationName = Release;
		};
		D8F542331BBCFF0700EFA545 /* Build configuration list for PBXNativeTarget "MovingTable" */ = {
			isa = XCConfigurationList;
			buildConfigurations = (
				D8F542341BBCFF0700EFA545 /* Debug */,
				D8F542351BBCFF0700EFA545 /* Release */,
			);
			defaultConfigurationIsVisible = 0;
		};
		D8F542361BBCFF0700EFA545 /* Build configuration list for PBXNativeTarget "MovingTableTests" */ = {
			isa = XCConfigurationList;
			buildConfigurations = (
				D8F542371BBCFF0700EFA545 /* Debug */,
				D8F542381BBCFF0700EFA545 /* Release */,
			);
			defaultConfigurationIsVisible = 0;
		};
		D8F542391BBCFF0700EFA545 /* Build configuration list for PBXNativeTarget "MovingTableUITests" */ = {
			isa = XCConfigurationList;
			buildConfigurations = (
				D8F5423A1BBCFF0700EFA545 /* Debug */,
				D8F5423B1BBCFF0700EFA545 /* Release */,
			);
			defaultConfigurationIsVisible = 0;
		};
/* End XCConfigurationList section */
	};
	rootObject = D8F541FE1BBCFF0700EFA545 /* Project object */;
}
